// !$*UTF8*$!
{
	archiveVersion = 1;
	classes = {
	};
	objectVersion = 56;
	objects = {

/* Begin PBXBuildFile section */
		B26A59C92A66C7AB003C7BAF /* AppDelegate.swift in Sources */ = {isa = PBXBuildFile; fileRef = B26A59C82A66C7AB003C7BAF /* AppDelegate.swift */; };
		B26A59CB2A66C7AB003C7BAF /* SceneDelegate.swift in Sources */ = {isa = PBXBuildFile; fileRef = B26A59CA2A66C7AB003C7BAF /* SceneDelegate.swift */; };
		B26A59CD2A66C7AB003C7BAF /* WordsListViewController.swift in Sources */ = {isa = PBXBuildFile; fileRef = B26A59CC2A66C7AB003C7BAF /* WordsListViewController.swift */; };
		B26A59D02A66C7AB003C7BAF /* Main.storyboard in Resources */ = {isa = PBXBuildFile; fileRef = B26A59CE2A66C7AB003C7BAF /* Main.storyboard */; };
		B26A59D22A66C7AB003C7BAF /* Assets.xcassets in Resources */ = {isa = PBXBuildFile; fileRef = B26A59D12A66C7AB003C7BAF /* Assets.xcassets */; };
		B26A59D52A66C7AB003C7BAF /* LaunchScreen.storyboard in Resources */ = {isa = PBXBuildFile; fileRef = B26A59D32A66C7AB003C7BAF /* LaunchScreen.storyboard */; };
		B26A59DF2A66D009003C7BAF /* JapaneseViewController.swift in Sources */ = {isa = PBXBuildFile; fileRef = B26A59DE2A66D009003C7BAF /* JapaneseViewController.swift */; };
		B26A59E12A6BA5E2003C7BAF /* MainViewController.swift in Sources */ = {isa = PBXBuildFile; fileRef = B26A59E02A6BA5E2003C7BAF /* MainViewController.swift */; };
		E049829BCD91914F9EC0A426 /* Pods_OkinawaHougen.framework in Frameworks */ = {isa = PBXBuildFile; fileRef = DA262513B25B8ABD4B51D2FF /* Pods_OkinawaHougen.framework */; };
/* End PBXBuildFile section */

/* Begin PBXFileReference section */
		00C0B158F1C9F00BC68288DA /* Pods-OkinawaHougen.debug.xcconfig */ = {isa = PBXFileReference; includeInIndex = 1; lastKnownFileType = text.xcconfig; name = "Pods-OkinawaHougen.debug.xcconfig"; path = "Target Support Files/Pods-OkinawaHougen/Pods-OkinawaHougen.debug.xcconfig"; sourceTree = "<group>"; };
		B26A59C52A66C7AB003C7BAF /* OkinawaHougen.app */ = {isa = PBXFileReference; explicitFileType = wrapper.application; includeInIndex = 0; path = OkinawaHougen.app; sourceTree = BUILT_PRODUCTS_DIR; };
		B26A59C82A66C7AB003C7BAF /* AppDelegate.swift */ = {isa = PBXFileReference; lastKnownFileType = sourcecode.swift; path = AppDelegate.swift; sourceTree = "<group>"; };
		B26A59CA2A66C7AB003C7BAF /* SceneDelegate.swift */ = {isa = PBXFileReference; lastKnownFileType = sourcecode.swift; path = SceneDelegate.swift; sourceTree = "<group>"; };
		B26A59CC2A66C7AB003C7BAF /* WordsListViewController.swift */ = {isa = PBXFileReference; lastKnownFileType = sourcecode.swift; path = WordsListViewController.swift; sourceTree = "<group>"; };
		B26A59CF2A66C7AB003C7BAF /* Base */ = {isa = PBXFileReference; lastKnownFileType = file.storyboard; name = Base; path = Base.lproj/Main.storyboard; sourceTree = "<group>"; };
		B26A59D12A66C7AB003C7BAF /* Assets.xcassets */ = {isa = PBXFileReference; lastKnownFileType = folder.assetcatalog; path = Assets.xcassets; sourceTree = "<group>"; };
		B26A59D42A66C7AB003C7BAF /* Base */ = {isa = PBXFileReference; lastKnownFileType = file.storyboard; name = Base; path = Base.lproj/LaunchScreen.storyboard; sourceTree = "<group>"; };
		B26A59D62A66C7AB003C7BAF /* Info.plist */ = {isa = PBXFileReference; lastKnownFileType = text.plist.xml; path = Info.plist; sourceTree = "<group>"; };
		B26A59DE2A66D009003C7BAF /* JapaneseViewController.swift */ = {isa = PBXFileReference; lastKnownFileType = sourcecode.swift; path = JapaneseViewController.swift; sourceTree = "<group>"; };
		B26A59E02A6BA5E2003C7BAF /* MainViewController.swift */ = {isa = PBXFileReference; lastKnownFileType = sourcecode.swift; path = MainViewController.swift; sourceTree = "<group>"; };
		BCB61385146E34A96C8D85EC /* Pods-OkinawaHougen.release.xcconfig */ = {isa = PBXFileReference; includeInIndex = 1; lastKnownFileType = text.xcconfig; name = "Pods-OkinawaHougen.release.xcconfig"; path = "Target Support Files/Pods-OkinawaHougen/Pods-OkinawaHougen.release.xcconfig"; sourceTree = "<group>"; };
		DA262513B25B8ABD4B51D2FF /* Pods_OkinawaHougen.framework */ = {isa = PBXFileReference; explicitFileType = wrapper.framework; includeInIndex = 0; path = Pods_OkinawaHougen.framework; sourceTree = BUILT_PRODUCTS_DIR; };
/* End PBXFileReference section */

/* Begin PBXFrameworksBuildPhase section */
		B26A59C22A66C7AB003C7BAF /* Frameworks */ = {
			isa = PBXFrameworksBuildPhase;
			buildActionMask = 2147483647;
			files = (
				E049829BCD91914F9EC0A426 /* Pods_OkinawaHougen.framework in Frameworks */,
			);
			runOnlyForDeploymentPostprocessing = 0;
		};
/* End PBXFrameworksBuildPhase section */

/* Begin PBXGroup section */
		0548B05DA9DA753D883F6EF7 /* Frameworks */ = {
			isa = PBXGroup;
			children = (
				DA262513B25B8ABD4B51D2FF /* Pods_OkinawaHougen.framework */,
			);
			name = Frameworks;
			sourceTree = "<group>";
		};
		7DE20D7767E6728589BE9C34 /* Pods */ = {
			isa = PBXGroup;
			children = (
				00C0B158F1C9F00BC68288DA /* Pods-OkinawaHougen.debug.xcconfig */,
				BCB61385146E34A96C8D85EC /* Pods-OkinawaHougen.release.xcconfig */,
			);
			name = Pods;
			path = Pods;
			sourceTree = "<group>";
		};
		B26A59BC2A66C7AB003C7BAF = {
			isa = PBXGroup;
			children = (
				B26A59C72A66C7AB003C7BAF /* OkinawaHougen */,
				B26A59C62A66C7AB003C7BAF /* Products */,
				7DE20D7767E6728589BE9C34 /* Pods */,
				0548B05DA9DA753D883F6EF7 /* Frameworks */,
			);
			sourceTree = "<group>";
		};
		B26A59C62A66C7AB003C7BAF /* Products */ = {
			isa = PBXGroup;
			children = (
				B26A59C52A66C7AB003C7BAF /* OkinawaHougen.app */,
			);
			name = Products;
			sourceTree = "<group>";
		};
		B26A59C72A66C7AB003C7BAF /* OkinawaHougen */ = {
			isa = PBXGroup;
			children = (
				B26A59C82A66C7AB003C7BAF /* AppDelegate.swift */,
				B26A59CA2A66C7AB003C7BAF /* SceneDelegate.swift */,
				B26A59E02A6BA5E2003C7BAF /* MainViewController.swift */,
				B26A59CC2A66C7AB003C7BAF /* WordsListViewController.swift */,
				B26A59DE2A66D009003C7BAF /* JapaneseViewController.swift */,
				B26A59CE2A66C7AB003C7BAF /* Main.storyboard */,
				B26A59D12A66C7AB003C7BAF /* Assets.xcassets */,
				B26A59D32A66C7AB003C7BAF /* LaunchScreen.storyboard */,
				B26A59D62A66C7AB003C7BAF /* Info.plist */,
			);
			path = OkinawaHougen;
			sourceTree = "<group>";
		};
/* End PBXGroup section */

/* Begin PBXNativeTarget section */
		B26A59C42A66C7AB003C7BAF /* OkinawaHougen */ = {
			isa = PBXNativeTarget;
			buildConfigurationList = B26A59D92A66C7AB003C7BAF /* Build configuration list for PBXNativeTarget "OkinawaHougen" */;
			buildPhases = (
				8546D73DADF1277F1569E0D4 /* [CP] Check Pods Manifest.lock */,
				B26A59C12A66C7AB003C7BAF /* Sources */,
				B26A59C22A66C7AB003C7BAF /* Frameworks */,
				B26A59C32A66C7AB003C7BAF /* Resources */,
				74D9469E5934A119C180D1FD /* [CP] Embed Pods Frameworks */,
			);
			buildRules = (
			);
			dependencies = (
			);
			name = OkinawaHougen;
			productName = OkinawaHougen;
			productReference = B26A59C52A66C7AB003C7BAF /* OkinawaHougen.app */;
			productType = "com.apple.product-type.application";
		};
/* End PBXNativeTarget section */

/* Begin PBXProject section */
		B26A59BD2A66C7AB003C7BAF /* Project object */ = {
			isa = PBXProject;
			attributes = {
				BuildIndependentTargetsInParallel = 1;
				LastSwiftUpdateCheck = 1430;
				LastUpgradeCheck = 1430;
				TargetAttributes = {
					B26A59C42A66C7AB003C7BAF = {
						CreatedOnToolsVersion = 14.3.1;
					};
				};
			};
			buildConfigurationList = B26A59C02A66C7AB003C7BAF /* Build configuration list for PBXProject "OkinawaHougen" */;
			compatibilityVersion = "Xcode 14.0";
			developmentRegion = en;
			hasScannedForEncodings = 0;
			knownRegions = (
				en,
				Base,
			);
			mainGroup = B26A59BC2A66C7AB003C7BAF;
			productRefGroup = B26A59C62A66C7AB003C7BAF /* Products */;
			projectDirPath = "";
			projectRoot = "";
			targets = (
				B26A59C42A66C7AB003C7BAF /* OkinawaHougen */,
			);
		};
/* End PBXProject section */

/* Begin PBXResourcesBuildPhase section */
		B26A59C32A66C7AB003C7BAF /* Resources */ = {
			isa = PBXResourcesBuildPhase;
			buildActionMask = 2147483647;
			files = (
				B26A59D52A66C7AB003C7BAF /* LaunchScreen.storyboard in Resources */,
				B26A59D22A66C7AB003C7BAF /* Assets.xcassets in Resources */,
				B26A59D02A66C7AB003C7BAF /* Main.storyboard in Resources */,
			);
			runOnlyForDeploymentPostprocessing = 0;
		};
/* End PBXResourcesBuildPhase section */

/* Begin PBXShellScriptBuildPhase section */
		74D9469E5934A119C180D1FD /* [CP] Embed Pods Frameworks */ = {
			isa = PBXShellScriptBuildPhase;
			buildActionMask = 2147483647;
			files = (
			);
			inputFileListPaths = (
				"${PODS_ROOT}/Target Support Files/Pods-OkinawaHougen/Pods-OkinawaHougen-frameworks-${CONFIGURATION}-input-files.xcfilelist",
			);
			name = "[CP] Embed Pods Frameworks";
			outputFileListPaths = (
				"${PODS_ROOT}/Target Support Files/Pods-OkinawaHougen/Pods-OkinawaHougen-frameworks-${CONFIGURATION}-output-files.xcfilelist",
			);
			runOnlyForDeploymentPostprocessing = 0;
			shellPath = /bin/sh;
			shellScript = "\"${PODS_ROOT}/Target Support Files/Pods-OkinawaHougen/Pods-OkinawaHougen-frameworks.sh\"\n";
			showEnvVarsInLog = 0;
		};
		8546D73DADF1277F1569E0D4 /* [CP] Check Pods Manifest.lock */ = {
			isa = PBXShellScriptBuildPhase;
			buildActionMask = 2147483647;
			files = (
			);
			inputFileListPaths = (
			);
			inputPaths = (
				"${PODS_PODFILE_DIR_PATH}/Podfile.lock",
				"${PODS_ROOT}/Manifest.lock",
			);
			name = "[CP] Check Pods Manifest.lock";
			outputFileListPaths = (
			);
			outputPaths = (
				"$(DERIVED_FILE_DIR)/Pods-OkinawaHougen-checkManifestLockResult.txt",
			);
			runOnlyForDeploymentPostprocessing = 0;
			shellPath = /bin/sh;
			shellScript = "diff \"${PODS_PODFILE_DIR_PATH}/Podfile.lock\" \"${PODS_ROOT}/Manifest.lock\" > /dev/null\nif [ $? != 0 ] ; then\n    # print error to STDERR\n    echo \"error: The sandbox is not in sync with the Podfile.lock. Run 'pod install' or update your CocoaPods installation.\" >&2\n    exit 1\nfi\n# This output is used by Xcode 'outputs' to avoid re-running this script phase.\necho \"SUCCESS\" > \"${SCRIPT_OUTPUT_FILE_0}\"\n";
			showEnvVarsInLog = 0;
		};
/* End PBXShellScriptBuildPhase section */

/* Begin PBXSourcesBuildPhase section */
		B26A59C12A66C7AB003C7BAF /* Sources */ = {
			isa = PBXSourcesBuildPhase;
			buildActionMask = 2147483647;
			files = (
				B26A59DF2A66D009003C7BAF /* JapaneseViewController.swift in Sources */,
				B26A59CD2A66C7AB003C7BAF /* WordsListViewController.swift in Sources */,
				B26A59C92A66C7AB003C7BAF /* AppDelegate.swift in Sources */,
				B26A59CB2A66C7AB003C7BAF /* SceneDelegate.swift in Sources */,
				B26A59E12A6BA5E2003C7BAF /* MainViewController.swift in Sources */,
			);
			runOnlyForDeploymentPostprocessing = 0;
		};
/* End PBXSourcesBuildPhase section */

/* Begin PBXVariantGroup section */
		B26A59CE2A66C7AB003C7BAF /* Main.storyboard */ = {
			isa = PBXVariantGroup;
			children = (
				B26A59CF2A66C7AB003C7BAF /* Base */,
			);
			name = Main.storyboard;
			sourceTree = "<group>";
		};
		B26A59D32A66C7AB003C7BAF /* LaunchScreen.storyboard */ = {
			isa = PBXVariantGroup;
			children = (
				B26A59D42A66C7AB003C7BAF /* Base */,
			);
			name = LaunchScreen.storyboard;
			sourceTree = "<group>";
		};
/* End PBXVariantGroup section */

/* Begin XCBuildConfiguration section */
		B26A59D72A66C7AB003C7BAF /* Debug */ = {
			isa = XCBuildConfiguration;
			buildSettings = {
				ALWAYS_SEARCH_USER_PATHS = NO;
				CLANG_ANALYZER_NONNULL = YES;
				CLANG_ANALYZER_NUMBER_OBJECT_CONVERSION = YES_AGGRESSIVE;
				CLANG_CXX_LANGUAGE_STANDARD = "gnu++20";
				CLANG_ENABLE_MODULES = YES;
				CLANG_ENABLE_OBJC_ARC = YES;
				CLANG_ENABLE_OBJC_WEAK = YES;
				CLANG_WARN_BLOCK_CAPTURE_AUTORELEASING = YES;
				CLANG_WARN_BOOL_CONVERSION = YES;
				CLANG_WARN_COMMA = YES;
				CLANG_WARN_CONSTANT_CONVERSION = YES;
				CLANG_WARN_DEPRECATED_OBJC_IMPLEMENTATIONS = YES;
				CLANG_WARN_DIRECT_OBJC_ISA_USAGE = YES_ERROR;
				CLANG_WARN_DOCUMENTATION_COMMENTS = YES;
				CLANG_WARN_EMPTY_BODY = YES;
				CLANG_WARN_ENUM_CONVERSION = YES;
				CLANG_WARN_INFINITE_RECURSION = YES;
				CLANG_WARN_INT_CONVERSION = YES;
				CLANG_WARN_NON_LITERAL_NULL_CONVERSION = YES;
				CLANG_WARN_OBJC_IMPLICIT_RETAIN_SELF = YES;
				CLANG_WARN_OBJC_LITERAL_CONVERSION = YES;
				CLANG_WARN_OBJC_ROOT_CLASS = YES_ERROR;
				CLANG_WARN_QUOTED_INCLUDE_IN_FRAMEWORK_HEADER = YES;
				CLANG_WARN_RANGE_LOOP_ANALYSIS = YES;
				CLANG_WARN_STRICT_PROTOTYPES = YES;
				CLANG_WARN_SUSPICIOUS_MOVE = YES;
				CLANG_WARN_UNGUARDED_AVAILABILITY = YES_AGGRESSIVE;
				CLANG_WARN_UNREACHABLE_CODE = YES;
				CLANG_WARN__DUPLICATE_METHOD_MATCH = YES;
				COPY_PHASE_STRIP = NO;
				DEBUG_INFORMATION_FORMAT = dwarf;
				ENABLE_STRICT_OBJC_MSGSEND = YES;
				ENABLE_TESTABILITY = YES;
				GCC_C_LANGUAGE_STANDARD = gnu11;
				GCC_DYNAMIC_NO_PIC = NO;
				GCC_NO_COMMON_BLOCKS = YES;
				GCC_OPTIMIZATION_LEVEL = 0;
				GCC_PREPROCESSOR_DEFINITIONS = (
					"DEBUG=1",
					"$(inherited)",
				);
				GCC_WARN_64_TO_32_BIT_CONVERSION = YES;
				GCC_WARN_ABOUT_RETURN_TYPE = YES_ERROR;
				GCC_WARN_UNDECLARED_SELECTOR = YES;
				GCC_WARN_UNINITIALIZED_AUTOS = YES_AGGRESSIVE;
				GCC_WARN_UNUSED_FUNCTION = YES;
				GCC_WARN_UNUSED_VARIABLE = YES;
				IPHONEOS_DEPLOYMENT_TARGET = 16.4;
				MTL_ENABLE_DEBUG_INFO = INCLUDE_SOURCE;
				MTL_FAST_MATH = YES;
				ONLY_ACTIVE_ARCH = YES;
				SDKROOT = iphoneos;
				SWIFT_ACTIVE_COMPILATION_CONDITIONS = DEBUG;
				SWIFT_OPTIMIZATION_LEVEL = "-Onone";
			};
			name = Debug;
		};
		B26A59D82A66C7AB003C7BAF /* Release */ = {
			isa = XCBuildConfiguration;
			buildSettings = {
				ALWAYS_SEARCH_USER_PATHS = NO;
				CLANG_ANALYZER_NONNULL = YES;
				CLANG_ANALYZER_NUMBER_OBJECT_CONVERSION = YES_AGGRESSIVE;
				CLANG_CXX_LANGUAGE_STANDARD = "gnu++20";
				CLANG_ENABLE_MODULES = YES;
				CLANG_ENABLE_OBJC_ARC = YES;
				CLANG_ENABLE_OBJC_WEAK = YES;
				CLANG_WARN_BLOCK_CAPTURE_AUTORELEASING = YES;
				CLANG_WARN_BOOL_CONVERSION = YES;
				CLANG_WARN_COMMA = YES;
				CLANG_WARN_CONSTANT_CONVERSION = YES;
				CLANG_WARN_DEPRECATED_OBJC_IMPLEMENTATIONS = YES;
				CLANG_WARN_DIRECT_OBJC_ISA_USAGE = YES_ERROR;
				CLANG_WARN_DOCUMENTATION_COMMENTS = YES;
				CLANG_WARN_EMPTY_BODY = YES;
				CLANG_WARN_ENUM_CONVERSION = YES;
				CLANG_WARN_INFINITE_RECURSION = YES;
				CLANG_WARN_INT_CONVERSION = YES;
				CLANG_WARN_NON_LITERAL_NULL_CONVERSION = YES;
				CLANG_WARN_OBJC_IMPLICIT_RETAIN_SELF = YES;
				CLANG_WARN_OBJC_LITERAL_CONVERSION = YES;
				CLANG_WARN_OBJC_ROOT_CLASS = YES_ERROR;
				CLANG_WARN_QUOTED_INCLUDE_IN_FRAMEWORK_HEADER = YES;
				CLANG_WARN_RANGE_LOOP_ANALYSIS = YES;
				CLANG_WARN_STRICT_PROTOTYPES = YES;
				CLANG_WARN_SUSPICIOUS_MOVE = YES;
				CLANG_WARN_UNGUARDED_AVAILABILITY = YES_AGGRESSIVE;
				CLANG_WARN_UNREACHABLE_CODE = YES;
				CLANG_WARN__DUPLICATE_METHOD_MATCH = YES;
				COPY_PHASE_STRIP = NO;
				DEBUG_INFORMATION_FORMAT = "dwarf-with-dsym";
				ENABLE_NS_ASSERTIONS = NO;
				ENABLE_STRICT_OBJC_MSGSEND = YES;
				GCC_C_LANGUAGE_STANDARD = gnu11;
				GCC_NO_COMMON_BLOCKS = YES;
				GCC_WARN_64_TO_32_BIT_CONVERSION = YES;
				GCC_WARN_ABOUT_RETURN_TYPE = YES_ERROR;
				GCC_WARN_UNDECLARED_SELECTOR = YES;
				GCC_WARN_UNINITIALIZED_AUTOS = YES_AGGRESSIVE;
				GCC_WARN_UNUSED_FUNCTION = YES;
				GCC_WARN_UNUSED_VARIABLE = YES;
				IPHONEOS_DEPLOYMENT_TARGET = 16.4;
				MTL_ENABLE_DEBUG_INFO = NO;
				MTL_FAST_MATH = YES;
				SDKROOT = iphoneos;
				SWIFT_COMPILATION_MODE = wholemodule;
				SWIFT_OPTIMIZATION_LEVEL = "-O";
				VALIDATE_PRODUCT = YES;
			};
			name = Release;
		};
		B26A59DA2A66C7AB003C7BAF /* Debug */ = {
			isa = XCBuildConfiguration;
			baseConfigurationReference = 00C0B158F1C9F00BC68288DA /* Pods-OkinawaHougen.debug.xcconfig */;
			buildSettings = {
				ASSETCATALOG_COMPILER_APPICON_NAME = AppIcon;
				ASSETCATALOG_COMPILER_GLOBAL_ACCENT_COLOR_NAME = AccentColor;
				CODE_SIGN_STYLE = Automatic;
				CURRENT_PROJECT_VERSION = 1;
				DEVELOPMENT_TEAM = GQ85995VF4;
				GENERATE_INFOPLIST_FILE = YES;
				INFOPLIST_FILE = OkinawaHougen/Info.plist;
				INFOPLIST_KEY_UIApplicationSupportsIndirectInputEvents = YES;
				INFOPLIST_KEY_UILaunchStoryboardName = LaunchScreen;
				INFOPLIST_KEY_UIMainStoryboardFile = Main;
				INFOPLIST_KEY_UISupportedInterfaceOrientations_iPad = "UIInterfaceOrientationPortrait UIInterfaceOrientationPortraitUpsideDown UIInterfaceOrientationLandscapeLeft UIInterfaceOrientationLandscapeRight";
				INFOPLIST_KEY_UISupportedInterfaceOrientations_iPhone = "UIInterfaceOrientationPortrait UIInterfaceOrientationLandscapeLeft UIInterfaceOrientationLandscapeRight";
				LD_RUNPATH_SEARCH_PATHS = (
					"$(inherited)",
					"@executable_path/Frameworks",
				);
				MARKETING_VERSION = 1.0;
				PRODUCT_BUNDLE_IDENTIFIER = gusiken0604.OkinawaHougen;
				PRODUCT_NAME = "$(TARGET_NAME)";
				SWIFT_EMIT_LOC_STRINGS = YES;
				SWIFT_VERSION = 5.0;
				TARGETED_DEVICE_FAMILY = "1,2";
			};
			name = Debug;
		};
		B26A59DB2A66C7AB003C7BAF /* Release */ = {
			isa = XCBuildConfiguration;
			baseConfigurationReference = BCB61385146E34A96C8D85EC /* Pods-OkinawaHougen.release.xcconfig */;
			buildSettings = {
				ASSETCATALOG_COMPILER_APPICON_NAME = AppIcon;
				ASSETCATALOG_COMPILER_GLOBAL_ACCENT_COLOR_NAME = AccentColor;
				CODE_SIGN_STYLE = Automatic;
				CURRENT_PROJECT_VERSION = 1;
				DEVELOPMENT_TEAM = GQ85995VF4;
				GENERATE_INFOPLIST_FILE = YES;
				INFOPLIST_FILE = OkinawaHougen/Info.plist;
				INFOPLIST_KEY_UIApplicationSupportsIndirectInputEvents = YES;
				INFOPLIST_KEY_UILaunchStoryboardName = LaunchScreen;
				INFOPLIST_KEY_UIMainStoryboardFile = Main;
				INFOPLIST_KEY_UISupportedInterfaceOrientations_iPad = "UIInterfaceOrientationPortrait UIInterfaceOrientationPortraitUpsideDown UIInterfaceOrientationLandscapeLeft UIInterfaceOrientationLandscapeRight";
				INFOPLIST_KEY_UISupportedInterfaceOrientations_iPhone = "UIInterfaceOrientationPortrait UIInterfaceOrientationLandscapeLeft UIInterfaceOrientationLandscapeRight";
				LD_RUNPATH_SEARCH_PATHS = (
					"$(inherited)",
					"@executable_path/Frameworks",
				);
				MARKETING_VERSION = 1.0;
				PRODUCT_BUNDLE_IDENTIFIER = gusiken0604.OkinawaHougen;
				PRODUCT_NAME = "$(TARGET_NAME)";
				SWIFT_EMIT_LOC_STRINGS = YES;
				SWIFT_VERSION = 5.0;
				TARGETED_DEVICE_FAMILY = "1,2";
			};
			name = Release;
		};
/* End XCBuildConfiguration section */

/* Begin XCConfigurationList section */
		B26A59C02A66C7AB003C7BAF /* Build configuration list for PBXProject "OkinawaHougen" */ = {
			isa = XCConfigurationList;
			buildConfigurations = (
				B26A59D72A66C7AB003C7BAF /* Debug */,
				B26A59D82A66C7AB003C7BAF /* Release */,
			);
			defaultConfigurationIsVisible = 0;
			defaultConfigurationName = Release;
		};
		B26A59D92A66C7AB003C7BAF /* Build configuration list for PBXNativeTarget "OkinawaHougen" */ = {
			isa = XCConfigurationList;
			buildConfigurations = (
				B26A59DA2A66C7AB003C7BAF /* Debug */,
				B26A59DB2A66C7AB003C7BAF /* Release */,
			);
			defaultConfigurationIsVisible = 0;
			defaultConfigurationName = Release;
		};
/* End XCConfigurationList section */
	};
	rootObject = B26A59BD2A66C7AB003C7BAF /* Project object */;
}
